{
  "name": "lynx-framework",
  "version": "1.0.0",
  "lockfileVersion": 1,
  "requires": true,
  "dependencies": {
    "@nestjs/swagger": {
      "version": "1.1.4",
      "resolved": "https://registry.npmjs.org/@nestjs/swagger/-/swagger-1.1.4.tgz",
      "integrity": "sha512-Hlte15W0YHGcEECRwJ0C+VDcReN2kujcMxNDkeQTlCaDrioiD/PO8aAneynbncu3rBHfn+n3/8jI1pn7XD1R/g==",
      "requires": {
        "lodash": "4.17.4",
        "swagger-ui-express": "2.0.11"
      },
      "dependencies": {
        "lodash": {
          "version": "4.17.4",
          "resolved": "https://registry.npmjs.org/lodash/-/lodash-4.17.4.tgz",
          "integrity": "sha1-eCA6TRwyiuHYbcpkYONptX9AVa4="
        }
      }
    },
    "path-parse": {
      "version": "1.0.5",
      "resolved": "https://registry.npmjs.org/path-parse/-/path-parse-1.0.5.tgz",
      "integrity": "sha1-PBrfhx6pzWyUMbbqK9dKD/BVxME=",
      "dev": true
    },
    "resolve": {
      "version": "1.5.0",
      "resolved": "https://registry.npmjs.org/resolve/-/resolve-1.5.0.tgz",
      "integrity": "sha512-hgoSGrc3pjzAPHNBg+KnFcK2HwlHTs/YrAGUr6qgTVUZmXv1UEXXl0bZNBKMA9fud6lRYFdPGz0xXxycPzmmiw==",
      "dev": true,
      "requires": {
        "path-parse": "1.0.5"
      }
    },
    "rxjs-tslint-rules": {
      "version": "3.10.0",
      "resolved": "https://registry.npmjs.org/rxjs-tslint-rules/-/rxjs-tslint-rules-3.10.0.tgz",
      "integrity": "sha512-8GP/+DJY3GuScjWO6YyknF5KRWCKfL6cgoOSXNcQsgZpsa5SRSuWiUcYJLT06Qk5BHy+u87cbqSQqSfZh6gVcg==",
      "dev": true,
      "requires": {
        "resolve": "1.5.0",
        "tslib": "1.9.0"
      }
    },
    "swagger-ui-express": {
      "version": "2.0.11",
      "resolved": "https://registry.npmjs.org/swagger-ui-express/-/swagger-ui-express-2.0.11.tgz",
      "integrity": "sha1-2zMc+IhkCpO3pbBhEbApB6S+nDU="
    },
    "tslib": {
      "version": "1.9.0",
      "resolved": "https://registry.npmjs.org/tslib/-/tslib-1.9.0.tgz",
      "integrity": "sha512-f/qGG2tUkrISBlQZEjEqoZ3B2+npJjIf04H1wuAv9iA8i04Icp+61KRXxFdha22670NJopsZCIjhC3SnjPRKrQ==",
      "dev": true
    }
  }
}
